
Microsoft Visual Studio Solution File, Format Version 9.00
# Visual Studio 2005
Project("{8BC9CEB8-8B4A-11D0-8D11-00A0C91BC942}") = "Tree top extraction", "Tree top extraction\Tree top extraction.vcproj", "{80D259F0-C141-49E2-A646-4806F2773503}"
EndProject
Global
	GlobalSection(SolutionConfigurationPlatforms) = preSolution
		Debug|Win32 = Debug|Win32
		Release|Win32 = Release|Win32
	EndGlobalSection
	GlobalSection(ProjectConfigurationPlatforms) = postSolution
		{80D259F0-C141-49E2-A646-4806F2773503}.Debug|Win32.ActiveCfg = Debug|Win32
		{80D259F0-C141-49E2-A646-4806F2773503}.Debug|Win32.Build.0 = Debug|Win32
		{80D259F0-C141-49E2-A646-4806F2773503}.Release|Win32.ActiveCfg = Release|Win32
		{80D259F0-C141-49E2-A646-4806F2773503}.Release|Win32.Build.0 = Release|Win32
	EndGlobalSection
	GlobalSection(SolutionProperties) = preSolution
		HideSolutionNode = FALSE
	EndGlobalSection
EndGlobal
