
Microsoft Visual Studio Solution File, Format Version 9.00
# Visual Studio 2005
Project("{8BC9CEB8-8B4A-11D0-8D11-00A0C91BC942}") = "ReFill", "ReFill\ReFill.vcproj", "{C83F20F8-030F-4387-95D5-8200B76FD938}"
EndProject
Global
	GlobalSection(SolutionConfigurationPlatforms) = preSolution
		Debug|Win32 = Debug|Win32
		Release|Win32 = Release|Win32
	EndGlobalSection
	GlobalSection(ProjectConfigurationPlatforms) = postSolution
		{C83F20F8-030F-4387-95D5-8200B76FD938}.Debug|Win32.ActiveCfg = Debug|Win32
		{C83F20F8-030F-4387-95D5-8200B76FD938}.Debug|Win32.Build.0 = Debug|Win32
		{C83F20F8-030F-4387-95D5-8200B76FD938}.Release|Win32.ActiveCfg = Release|Win32
		{C83F20F8-030F-4387-95D5-8200B76FD938}.Release|Win32.Build.0 = Release|Win32
	EndGlobalSection
	GlobalSection(SolutionProperties) = preSolution
		HideSolutionNode = FALSE
	EndGlobalSection
EndGlobal
