
Microsoft Visual Studio Solution File, Format Version 12.00
# Visual Studio 2012
Project("{8BC9CEB8-8B4A-11D0-8D11-00A0C91BC942}") = "GenerateBoundingBox", "GenerateBoundingBox\GenerateBoundingBox.vcxproj", "{9FF8FD3A-C9BE-4BC2-AF5A-A29F20C84BD4}"
EndProject
Global
	GlobalSection(SolutionConfigurationPlatforms) = preSolution
		Debug|Win32 = Debug|Win32
		Release|Win32 = Release|Win32
	EndGlobalSection
	GlobalSection(ProjectConfigurationPlatforms) = postSolution
		{9FF8FD3A-C9BE-4BC2-AF5A-A29F20C84BD4}.Debug|Win32.ActiveCfg = Debug|Win32
		{9FF8FD3A-C9BE-4BC2-AF5A-A29F20C84BD4}.Debug|Win32.Build.0 = Debug|Win32
		{9FF8FD3A-C9BE-4BC2-AF5A-A29F20C84BD4}.Release|Win32.ActiveCfg = Release|Win32
		{9FF8FD3A-C9BE-4BC2-AF5A-A29F20C84BD4}.Release|Win32.Build.0 = Release|Win32
	EndGlobalSection
	GlobalSection(SolutionProperties) = preSolution
		HideSolutionNode = FALSE
	EndGlobalSection
EndGlobal
