
Microsoft Visual Studio Solution File, Format Version 9.00
# Visual Studio 2005
Project("{8BC9CEB8-8B4A-11D0-8D11-00A0C91BC942}") = "xyz2las", "xyz2las\xyz2las.vcproj", "{74CDBCD8-11B2-41A9-9ECD-5E77FAEC061C}"
EndProject
Global
	GlobalSection(SolutionConfigurationPlatforms) = preSolution
		Debug|Win32 = Debug|Win32
		Release|Win32 = Release|Win32
	EndGlobalSection
	GlobalSection(ProjectConfigurationPlatforms) = postSolution
		{74CDBCD8-11B2-41A9-9ECD-5E77FAEC061C}.Debug|Win32.ActiveCfg = Debug|Win32
		{74CDBCD8-11B2-41A9-9ECD-5E77FAEC061C}.Debug|Win32.Build.0 = Debug|Win32
		{74CDBCD8-11B2-41A9-9ECD-5E77FAEC061C}.Release|Win32.ActiveCfg = Release|Win32
		{74CDBCD8-11B2-41A9-9ECD-5E77FAEC061C}.Release|Win32.Build.0 = Release|Win32
	EndGlobalSection
	GlobalSection(SolutionProperties) = preSolution
		HideSolutionNode = FALSE
	EndGlobalSection
EndGlobal
